
Microsoft Visual Studio Solution File, Format Version 12.00
# Visual Studio Version 17
VisualStudioVersion = 17.2.32526.322
MinimumVisualStudioVersion = 10.0.40219.1
Project("{FAE04EC0-301F-11D3-BF4B-00C04F79EFBC}") = "ClassWork11_1", "ClassWork11_1\ClassWork11_1.csproj", "{B82B7A95-0463-4213-9221-1ED482AF9FB3}"
EndProject
Global
	GlobalSection(SolutionConfigurationPlatforms) = preSolution
		Debug|Any CPU = Debug|Any CPU
		Release|Any CPU = Release|Any CPU
	EndGlobalSection
	GlobalSection(ProjectConfigurationPlatforms) = postSolution
		{B82B7A95-0463-4213-9221-1ED482AF9FB3}.Debug|Any CPU.ActiveCfg = Debug|Any CPU
		{B82B7A95-0463-4213-9221-1ED482AF9FB3}.Debug|Any CPU.Build.0 = Debug|Any CPU
		{B82B7A95-0463-4213-9221-1ED482AF9FB3}.Release|Any CPU.ActiveCfg = Release|Any CPU
		{B82B7A95-0463-4213-9221-1ED482AF9FB3}.Release|Any CPU.Build.0 = Release|Any CPU
	EndGlobalSection
	GlobalSection(SolutionProperties) = preSolution
		HideSolutionNode = FALSE
	EndGlobalSection
	GlobalSection(ExtensibilityGlobals) = postSolution
		SolutionGuid = {52BEE048-9BEB-46D5-ACE3-86922CDCEF5F}
	EndGlobalSection
EndGlobal
